
Microsoft Visual Studio Solution File, Format Version 12.00
# Visual Studio Version 17
VisualStudioVersion = 17.11.35303.130
MinimumVisualStudioVersion = 10.0.40219.1
Project("{FAE04EC0-301F-11D3-BF4B-00C04F79EFBC}") = "SignalR", "SignalR.csproj", "{387F6521-FD87-43BB-BE17-A572D2DA9A2F}"
EndProject
Project("{FAE04EC0-301F-11D3-BF4B-00C04F79EFBC}") = "DataAcces", "..\DataAcces\DataAcces.csproj", "{ECC40106-FDC1-44EC-ADA8-480F1414F25B}"
EndProject
Project("{FAE04EC0-301F-11D3-BF4B-00C04F79EFBC}") = "Services", "..\Services\Services.csproj", "{7DA6D32F-281E-4B5E-8CC3-047E5680684D}"
EndProject
Global
	GlobalSection(SolutionConfigurationPlatforms) = preSolution
		Debug|Any CPU = Debug|Any CPU
		Release|Any CPU = Release|Any CPU
	EndGlobalSection
	GlobalSection(ProjectConfigurationPlatforms) = postSolution
		{387F6521-FD87-43BB-BE17-A572D2DA9A2F}.Debug|Any CPU.ActiveCfg = Debug|Any CPU
		{387F6521-FD87-43BB-BE17-A572D2DA9A2F}.Debug|Any CPU.Build.0 = Debug|Any CPU
		{387F6521-FD87-43BB-BE17-A572D2DA9A2F}.Release|Any CPU.ActiveCfg = Release|Any CPU
		{387F6521-FD87-43BB-BE17-A572D2DA9A2F}.Release|Any CPU.Build.0 = Release|Any CPU
		{ECC40106-FDC1-44EC-ADA8-480F1414F25B}.Debug|Any CPU.ActiveCfg = Debug|Any CPU
		{ECC40106-FDC1-44EC-ADA8-480F1414F25B}.Debug|Any CPU.Build.0 = Debug|Any CPU
		{ECC40106-FDC1-44EC-ADA8-480F1414F25B}.Release|Any CPU.ActiveCfg = Release|Any CPU
		{ECC40106-FDC1-44EC-ADA8-480F1414F25B}.Release|Any CPU.Build.0 = Release|Any CPU
		{7DA6D32F-281E-4B5E-8CC3-047E5680684D}.Debug|Any CPU.ActiveCfg = Debug|Any CPU
		{7DA6D32F-281E-4B5E-8CC3-047E5680684D}.Debug|Any CPU.Build.0 = Debug|Any CPU
		{7DA6D32F-281E-4B5E-8CC3-047E5680684D}.Release|Any CPU.ActiveCfg = Release|Any CPU
		{7DA6D32F-281E-4B5E-8CC3-047E5680684D}.Release|Any CPU.Build.0 = Release|Any CPU
	EndGlobalSection
	GlobalSection(SolutionProperties) = preSolution
		HideSolutionNode = FALSE
	EndGlobalSection
	GlobalSection(ExtensibilityGlobals) = postSolution
		SolutionGuid = {CF7E45BC-2667-4A58-BC54-0C6D76547239}
	EndGlobalSection
EndGlobal
